{
  "requires": true,
  "lockfileVersion": 1,
  "dependencies": {
    "tabulator-tables": {
      "version": "4.5.0",
      "resolved": "https://registry.npmjs.org/tabulator-tables/-/tabulator-tables-4.5.0.tgz",
      "integrity": "sha512-QW8B0JS0W9QSicXFqb/yyznkuKrZEHbwT2nyQ8dFjhic0twWxQpcxBLi2fXlVY0SpWDITmvHDgIImfRYj/M89Q=="
    },
    "xterm": {
      "version": "4.2.0-vscode1",
      "resolved": "https://registry.npmjs.org/xterm/-/xterm-4.2.0-vscode1.tgz",
      "integrity": "sha512-frw5Kprzkko8+G0vp4jOcwTeOpYFbSb2+QShpeQGJ7l3Hg3MTM7kt1G+nLxBPKnkFAmei/JcJTUGJdp/lldAfA=="
    }
  }
}
